// !$*UTF8*$!
{
	archiveVersion = 1;
	classes = {
	};
	objectVersion = 50;
	objects = {

/* Begin PBXBuildFile section */
		9B1639A92383DDFB0049445B /* AppDelegate.swift in Sources */ = {isa = PBXBuildFile; fileRef = 9B1639A82383DDFB0049445B /* AppDelegate.swift */; };
		9B1639AB2383DDFB0049445B /* SceneDelegate.swift in Sources */ = {isa = PBXBuildFile; fileRef = 9B1639AA2383DDFB0049445B /* SceneDelegate.swift */; };
		9B1639AD2383DDFB0049445B /* ViewController.swift in Sources */ = {isa = PBXBuildFile; fileRef = 9B1639AC2383DDFB0049445B /* ViewController.swift */; };
		9B1639B02383DDFB0049445B /* Main.storyboard in Resources */ = {isa = PBXBuildFile; fileRef = 9B1639AE2383DDFB0049445B /* Main.storyboard */; };
		9B1639B22383DDFE0049445B /* Assets.xcassets in Resources */ = {isa = PBXBuildFile; fileRef = 9B1639B12383DDFE0049445B /* Assets.xcassets */; };
		9B1639B52383DDFE0049445B /* LaunchScreen.storyboard in Resources */ = {isa = PBXBuildFile; fileRef = 9B1639B32383DDFE0049445B /* LaunchScreen.storyboard */; };
		E284E70B2386C43000EE5F15 /* EnglishViewController.swift in Sources */ = {isa = PBXBuildFile; fileRef = E284E70A2386C43000EE5F15 /* EnglishViewController.swift */; };
		E296406F2389557C00EF1C9F /* 線画のフォルダアイコン.png in Resources */ = {isa = PBXBuildFile; fileRef = E296406E2389557C00EF1C9F /* 線画のフォルダアイコン.png */; };
		E296407123895C9A00EF1C9F /* ChineseViewController.swift in Sources */ = {isa = PBXBuildFile; fileRef = E296407023895C9A00EF1C9F /* ChineseViewController.swift */; };
		E2D1069E2389A5CA00A5F945 /* FavoriteTableViewController.swift in Sources */ = {isa = PBXBuildFile; fileRef = E2D1069D2389A5CA00A5F945 /* FavoriteTableViewController.swift */; };
		E2D106A02389A65500A5F945 /* ホワイトボードのアイコン　19.png in Resources */ = {isa = PBXBuildFile; fileRef = E2D1069F2389A65500A5F945 /* ホワイトボードのアイコン　19.png */; };
/* End PBXBuildFile section */

/* Begin PBXFileReference section */
		9B1639A52383DDFB0049445B /* English.app */ = {isa = PBXFileReference; explicitFileType = wrapper.application; includeInIndex = 0; path = English.app; sourceTree = BUILT_PRODUCTS_DIR; };
		9B1639A82383DDFB0049445B /* AppDelegate.swift */ = {isa = PBXFileReference; lastKnownFileType = sourcecode.swift; path = AppDelegate.swift; sourceTree = "<group>"; };
		9B1639AA2383DDFB0049445B /* SceneDelegate.swift */ = {isa = PBXFileReference; lastKnownFileType = sourcecode.swift; path = SceneDelegate.swift; sourceTree = "<group>"; };
		9B1639AC2383DDFB0049445B /* ViewController.swift */ = {isa = PBXFileReference; lastKnownFileType = sourcecode.swift; path = ViewController.swift; sourceTree = "<group>"; };
		9B1639AF2383DDFB0049445B /* Base */ = {isa = PBXFileReference; lastKnownFileType = file.storyboard; name = Base; path = Base.lproj/Main.storyboard; sourceTree = "<group>"; };
		9B1639B12383DDFE0049445B /* Assets.xcassets */ = {isa = PBXFileReference; lastKnownFileType = folder.assetcatalog; path = Assets.xcassets; sourceTree = "<group>"; };
		9B1639B42383DDFE0049445B /* Base */ = {isa = PBXFileReference; lastKnownFileType = file.storyboard; name = Base; path = Base.lproj/LaunchScreen.storyboard; sourceTree = "<group>"; };
		9B1639B62383DDFE0049445B /* Info.plist */ = {isa = PBXFileReference; lastKnownFileType = text.plist.xml; path = Info.plist; sourceTree = "<group>"; };
		E284E70A2386C43000EE5F15 /* EnglishViewController.swift */ = {isa = PBXFileReference; lastKnownFileType = sourcecode.swift; path = EnglishViewController.swift; sourceTree = "<group>"; };
		E296406E2389557C00EF1C9F /* 線画のフォルダアイコン.png */ = {isa = PBXFileReference; lastKnownFileType = image.png; path = "線画のフォルダアイコン.png"; sourceTree = "<group>"; };
		E296407023895C9A00EF1C9F /* ChineseViewController.swift */ = {isa = PBXFileReference; lastKnownFileType = sourcecode.swift; path = ChineseViewController.swift; sourceTree = "<group>"; };
		E2D1069D2389A5CA00A5F945 /* FavoriteTableViewController.swift */ = {isa = PBXFileReference; lastKnownFileType = sourcecode.swift; path = FavoriteTableViewController.swift; sourceTree = "<group>"; };
		E2D1069F2389A65500A5F945 /* ホワイトボードのアイコン　19.png */ = {isa = PBXFileReference; lastKnownFileType = image.png; path = "ホワイトボードのアイコン　19.png"; sourceTree = "<group>"; };
/* End PBXFileReference section */

/* Begin PBXFrameworksBuildPhase section */
		9B1639A22383DDFB0049445B /* Frameworks */ = {
			isa = PBXFrameworksBuildPhase;
			buildActionMask = 2147483647;
			files = (
			);
			runOnlyForDeploymentPostprocessing = 0;
		};
/* End PBXFrameworksBuildPhase section */

/* Begin PBXGroup section */
		9B16399C2383DDFB0049445B = {
			isa = PBXGroup;
			children = (
				9B1639A72383DDFB0049445B /* English */,
				9B1639A62383DDFB0049445B /* Products */,
			);
			sourceTree = "<group>";
		};
		9B1639A62383DDFB0049445B /* Products */ = {
			isa = PBXGroup;
			children = (
				9B1639A52383DDFB0049445B /* English.app */,
			);
			name = Products;
			sourceTree = "<group>";
		};
		9B1639A72383DDFB0049445B /* English */ = {
			isa = PBXGroup;
			children = (
				9B1639A82383DDFB0049445B /* AppDelegate.swift */,
				9B1639AA2383DDFB0049445B /* SceneDelegate.swift */,
				9B1639AC2383DDFB0049445B /* ViewController.swift */,
				E296407023895C9A00EF1C9F /* ChineseViewController.swift */,
				E2D1069D2389A5CA00A5F945 /* FavoriteTableViewController.swift */,
				E284E70A2386C43000EE5F15 /* EnglishViewController.swift */,
				E2D1069F2389A65500A5F945 /* ホワイトボードのアイコン　19.png */,
				9B1639AE2383DDFB0049445B /* Main.storyboard */,
				9B1639B12383DDFE0049445B /* Assets.xcassets */,
				9B1639B32383DDFE0049445B /* LaunchScreen.storyboard */,
				E296406E2389557C00EF1C9F /* 線画のフォルダアイコン.png */,
				9B1639B62383DDFE0049445B /* Info.plist */,
			);
			path = English;
			sourceTree = "<group>";
		};
/* End PBXGroup section */

/* Begin PBXNativeTarget section */
		9B1639A42383DDFB0049445B /* English */ = {
			isa = PBXNativeTarget;
			buildConfigurationList = 9B1639B92383DDFE0049445B /* Build configuration list for PBXNativeTarget "English" */;
			buildPhases = (
				9B1639A12383DDFB0049445B /* Sources */,
				9B1639A22383DDFB0049445B /* Frameworks */,
				9B1639A32383DDFB0049445B /* Resources */,
			);
			buildRules = (
			);
			dependencies = (
			);
			name = English;
			productName = English;
			productReference = 9B1639A52383DDFB0049445B /* English.app */;
			productType = "com.apple.product-type.application";
		};
/* End PBXNativeTarget section */

/* Begin PBXProject section */
		9B16399D2383DDFB0049445B /* Project object */ = {
			isa = PBXProject;
			attributes = {
				LastSwiftUpdateCheck = 1120;
				LastUpgradeCheck = 1120;
				ORGANIZATIONNAME = "SHIH-YING PAN";
				TargetAttributes = {
					9B1639A42383DDFB0049445B = {
						CreatedOnToolsVersion = 11.2;
					};
				};
			};
			buildConfigurationList = 9B1639A02383DDFB0049445B /* Build configuration list for PBXProject "English" */;
			compatibilityVersion = "Xcode 9.3";
			developmentRegion = en;
			hasScannedForEncodings = 0;
			knownRegions = (
				en,
				Base,
			);
			mainGroup = 9B16399C2383DDFB0049445B;
			productRefGroup = 9B1639A62383DDFB0049445B /* Products */;
			projectDirPath = "";
			projectRoot = "";
			targets = (
				9B1639A42383DDFB0049445B /* English */,
			);
		};
/* End PBXProject section */

/* Begin PBXResourcesBuildPhase section */
		9B1639A32383DDFB0049445B /* Resources */ = {
			isa = PBXResourcesBuildPhase;
			buildActionMask = 2147483647;
			files = (
				9B1639B52383DDFE0049445B /* LaunchScreen.storyboard in Resources */,
				9B1639B22383DDFE0049445B /* Assets.xcassets in Resources */,
				E2D106A02389A65500A5F945 /* ホワイトボードのアイコン　19.png in Resources */,
				E296406F2389557C00EF1C9F /* 線画のフォルダアイコン.png in Resources */,
				9B1639B02383DDFB0049445B /* Main.storyboard in Resources */,
			);
			runOnlyForDeploymentPostprocessing = 0;
		};
/* End PBXResourcesBuildPhase section */

/* Begin PBXSourcesBuildPhase section */
		9B1639A12383DDFB0049445B /* Sources */ = {
			isa = PBXSourcesBuildPhase;
			buildActionMask = 2147483647;
			files = (
				9B1639AD2383DDFB0049445B /* ViewController.swift in Sources */,
				E296407123895C9A00EF1C9F /* ChineseViewController.swift in Sources */,
				9B1639A92383DDFB0049445B /* AppDelegate.swift in Sources */,
				9B1639AB2383DDFB0049445B /* SceneDelegate.swift in Sources */,
				E284E70B2386C43000EE5F15 /* EnglishViewController.swift in Sources */,
				E2D1069E2389A5CA00A5F945 /* FavoriteTableViewController.swift in Sources */,
			);
			runOnlyForDeploymentPostprocessing = 0;
		};
/* End PBXSourcesBuildPhase section */

/* Begin PBXVariantGroup section */
		9B1639AE2383DDFB0049445B /* Main.storyboard */ = {
			isa = PBXVariantGroup;
			children = (
				9B1639AF2383DDFB0049445B /* Base */,
			);
			name = Main.storyboard;
			sourceTree = "<group>";
		};
		9B1639B32383DDFE0049445B /* LaunchScreen.storyboard */ = {
			isa = PBXVariantGroup;
			children = (
				9B1639B42383DDFE0049445B /* Base */,
			);
			name = LaunchScreen.storyboard;
			sourceTree = "<group>";
		};
/* End PBXVariantGroup section */

/* Begin XCBuildConfiguration section */
		9B1639B72383DDFE0049445B /* Debug */ = {
			isa = XCBuildConfiguration;
			buildSettings = {
				ALWAYS_SEARCH_USER_PATHS = NO;
				CLANG_ANALYZER_NONNULL = YES;
				CLANG_ANALYZER_NUMBER_OBJECT_CONVERSION = YES_AGGRESSIVE;
				CLANG_CXX_LANGUAGE_STANDARD = "gnu++14";
				CLANG_CXX_LIBRARY = "libc++";
				CLANG_ENABLE_MODULES = YES;
				CLANG_ENABLE_OBJC_ARC = YES;
				CLANG_ENABLE_OBJC_WEAK = YES;
				CLANG_WARN_BLOCK_CAPTURE_AUTORELEASING = YES;
				CLANG_WARN_BOOL_CONVERSION = YES;
				CLANG_WARN_COMMA = YES;
				CLANG_WARN_CONSTANT_CONVERSION = YES;
				CLANG_WARN_DEPRECATED_OBJC_IMPLEMENTATIONS = YES;
				CLANG_WARN_DIRECT_OBJC_ISA_USAGE = YES_ERROR;
				CLANG_WARN_DOCUMENTATION_COMMENTS = YES;
				CLANG_WARN_EMPTY_BODY = YES;
				CLANG_WARN_ENUM_CONVERSION = YES;
				CLANG_WARN_INFINITE_RECURSION = YES;
				CLANG_WARN_INT_CONVERSION = YES;
				CLANG_WARN_NON_LITERAL_NULL_CONVERSION = YES;
				CLANG_WARN_OBJC_IMPLICIT_RETAIN_SELF = YES;
				CLANG_WARN_OBJC_LITERAL_CONVERSION = YES;
				CLANG_WARN_OBJC_ROOT_CLASS = YES_ERROR;
				CLANG_WARN_RANGE_LOOP_ANALYSIS = YES;
				CLANG_WARN_STRICT_PROTOTYPES = YES;
				CLANG_WARN_SUSPICIOUS_MOVE = YES;
				CLANG_WARN_UNGUARDED_AVAILABILITY = YES_AGGRESSIVE;
				CLANG_WARN_UNREACHABLE_CODE = YES;
				CLANG_WARN__DUPLICATE_METHOD_MATCH = YES;
				COPY_PHASE_STRIP = NO;
				DEBUG_INFORMATION_FORMAT = dwarf;
				ENABLE_STRICT_OBJC_MSGSEND = YES;
				ENABLE_TESTABILITY = YES;
				GCC_C_LANGUAGE_STANDARD = gnu11;
				GCC_DYNAMIC_NO_PIC = NO;
				GCC_NO_COMMON_BLOCKS = YES;
				GCC_OPTIMIZATION_LEVEL = 0;
				GCC_PREPROCESSOR_DEFINITIONS = (
					"DEBUG=1",
					"$(inherited)",
				);
				GCC_WARN_64_TO_32_BIT_CONVERSION = YES;
				GCC_WARN_ABOUT_RETURN_TYPE = YES_ERROR;
				GCC_WARN_UNDECLARED_SELECTOR = YES;
				GCC_WARN_UNINITIALIZED_AUTOS = YES_AGGRESSIVE;
				GCC_WARN_UNUSED_FUNCTION = YES;
				GCC_WARN_UNUSED_VARIABLE = YES;
				IPHONEOS_DEPLOYMENT_TARGET = 13.2;
				MTL_ENABLE_DEBUG_INFO = INCLUDE_SOURCE;
				MTL_FAST_MATH = YES;
				ONLY_ACTIVE_ARCH = YES;
				SDKROOT = iphoneos;
				SWIFT_ACTIVE_COMPILATION_CONDITIONS = DEBUG;
				SWIFT_OPTIMIZATION_LEVEL = "-Onone";
			};
			name = Debug;
		};
		9B1639B82383DDFE0049445B /* Release */ = {
			isa = XCBuildConfiguration;
			buildSettings = {
				ALWAYS_SEARCH_USER_PATHS = NO;
				CLANG_ANALYZER_NONNULL = YES;
				CLANG_ANALYZER_NUMBER_OBJECT_CONVERSION = YES_AGGRESSIVE;
				CLANG_CXX_LANGUAGE_STANDARD = "gnu++14";
				CLANG_CXX_LIBRARY = "libc++";
				CLANG_ENABLE_MODULES = YES;
				CLANG_ENABLE_OBJC_ARC = YES;
				CLANG_ENABLE_OBJC_WEAK = YES;
				CLANG_WARN_BLOCK_CAPTURE_AUTORELEASING = YES;
				CLANG_WARN_BOOL_CONVERSION = YES;
				CLANG_WARN_COMMA = YES;
				CLANG_WARN_CONSTANT_CONVERSION = YES;
				CLANG_WARN_DEPRECATED_OBJC_IMPLEMENTATIONS = YES;
				CLANG_WARN_DIRECT_OBJC_ISA_USAGE = YES_ERROR;
				CLANG_WARN_DOCUMENTATION_COMMENTS = YES;
				CLANG_WARN_EMPTY_BODY = YES;
				CLANG_WARN_ENUM_CONVERSION = YES;
				CLANG_WARN_INFINITE_RECURSION = YES;
				CLANG_WARN_INT_CONVERSION = YES;
				CLANG_WARN_NON_LITERAL_NULL_CONVERSION = YES;
				CLANG_WARN_OBJC_IMPLICIT_RETAIN_SELF = YES;
				CLANG_WARN_OBJC_LITERAL_CONVERSION = YES;
				CLANG_WARN_OBJC_ROOT_CLASS = YES_ERROR;
				CLANG_WARN_RANGE_LOOP_ANALYSIS = YES;
				CLANG_WARN_STRICT_PROTOTYPES = YES;
				CLANG_WARN_SUSPICIOUS_MOVE = YES;
				CLANG_WARN_UNGUARDED_AVAILABILITY = YES_AGGRESSIVE;
				CLANG_WARN_UNREACHABLE_CODE = YES;
				CLANG_WARN__DUPLICATE_METHOD_MATCH = YES;
				COPY_PHASE_STRIP = NO;
				DEBUG_INFORMATION_FORMAT = "dwarf-with-dsym";
				ENABLE_NS_ASSERTIONS = NO;
				ENABLE_STRICT_OBJC_MSGSEND = YES;
				GCC_C_LANGUAGE_STANDARD = gnu11;
				GCC_NO_COMMON_BLOCKS = YES;
				GCC_WARN_64_TO_32_BIT_CONVERSION = YES;
				GCC_WARN_ABOUT_RETURN_TYPE = YES_ERROR;
				GCC_WARN_UNDECLARED_SELECTOR = YES;
				GCC_WARN_UNINITIALIZED_AUTOS = YES_AGGRESSIVE;
				GCC_WARN_UNUSED_FUNCTION = YES;
				GCC_WARN_UNUSED_VARIABLE = YES;
				IPHONEOS_DEPLOYMENT_TARGET = 13.2;
				MTL_ENABLE_DEBUG_INFO = NO;
				MTL_FAST_MATH = YES;
				SDKROOT = iphoneos;
				SWIFT_COMPILATION_MODE = wholemodule;
				SWIFT_OPTIMIZATION_LEVEL = "-O";
				VALIDATE_PRODUCT = YES;
			};
			name = Release;
		};
		9B1639BA2383DDFE0049445B /* Debug */ = {
			isa = XCBuildConfiguration;
			buildSettings = {
				ASSETCATALOG_COMPILER_APPICON_NAME = AppIcon;
				CODE_SIGN_STYLE = Automatic;
				INFOPLIST_FILE = English/Info.plist;
				LD_RUNPATH_SEARCH_PATHS = (
					"$(inherited)",
					"@executable_path/Frameworks",
				);
				PRODUCT_BUNDLE_IDENTIFIER = com.peter.English;
				PRODUCT_NAME = "$(TARGET_NAME)";
				SWIFT_VERSION = 5.0;
				TARGETED_DEVICE_FAMILY = "1,2";
			};
			name = Debug;
		};
		9B1639BB2383DDFE0049445B /* Release */ = {
			isa = XCBuildConfiguration;
			buildSettings = {
				ASSETCATALOG_COMPILER_APPICON_NAME = AppIcon;
				CODE_SIGN_STYLE = Automatic;
				INFOPLIST_FILE = English/Info.plist;
				LD_RUNPATH_SEARCH_PATHS = (
					"$(inherited)",
					"@executable_path/Frameworks",
				);
				PRODUCT_BUNDLE_IDENTIFIER = com.peter.English;
				PRODUCT_NAME = "$(TARGET_NAME)";
				SWIFT_VERSION = 5.0;
				TARGETED_DEVICE_FAMILY = "1,2";
			};
			name = Release;
		};
/* End XCBuildConfiguration section */

/* Begin XCConfigurationList section */
		9B1639A02383DDFB0049445B /* Build configuration list for PBXProject "English" */ = {
			isa = XCConfigurationList;
			buildConfigurations = (
				9B1639B72383DDFE0049445B /* Debug */,
				9B1639B82383DDFE0049445B /* Release */,
			);
			defaultConfigurationIsVisible = 0;
			defaultConfigurationName = Release;
		};
		9B1639B92383DDFE0049445B /* Build configuration list for PBXNativeTarget "English" */ = {
			isa = XCConfigurationList;
			buildConfigurations = (
				9B1639BA2383DDFE0049445B /* Debug */,
				9B1639BB2383DDFE0049445B /* Release */,
			);
			defaultConfigurationIsVisible = 0;
			defaultConfigurationName = Release;
		};
/* End XCConfigurationList section */
	};
	rootObject = 9B16399D2383DDFB0049445B /* Project object */;
}
